
Microsoft Visual Studio Solution File, Format Version 12.00
# Visual Studio Version 17
VisualStudioVersion = 17.7.34024.191
MinimumVisualStudioVersion = 10.0.40219.1
Project("{FAE04EC0-301F-11D3-BF4B-00C04F79EFBC}") = "Kryds&Bolle", "Kryds&Bolle\Kryds&Bolle.csproj", "{D0832CEF-5392-4DEB-8BF1-99129A9183BC}"
EndProject
Global
	GlobalSection(SolutionConfigurationPlatforms) = preSolution
		Debug|Any CPU = Debug|Any CPU
		Release|Any CPU = Release|Any CPU
	EndGlobalSection
	GlobalSection(ProjectConfigurationPlatforms) = postSolution
		{D0832CEF-5392-4DEB-8BF1-99129A9183BC}.Debug|Any CPU.ActiveCfg = Debug|Any CPU
		{D0832CEF-5392-4DEB-8BF1-99129A9183BC}.Debug|Any CPU.Build.0 = Debug|Any CPU
		{D0832CEF-5392-4DEB-8BF1-99129A9183BC}.Release|Any CPU.ActiveCfg = Release|Any CPU
		{D0832CEF-5392-4DEB-8BF1-99129A9183BC}.Release|Any CPU.Build.0 = Release|Any CPU
	EndGlobalSection
	GlobalSection(SolutionProperties) = preSolution
		HideSolutionNode = FALSE
	EndGlobalSection
	GlobalSection(ExtensibilityGlobals) = postSolution
		SolutionGuid = {9C9465AD-370A-4748-9E74-6DD0D4820F8F}
	EndGlobalSection
EndGlobal
