
Microsoft Visual Studio Solution File, Format Version 12.00
# Visual Studio Version 17
VisualStudioVersion = 17.3.32901.215
MinimumVisualStudioVersion = 10.0.40219.1
Project("{FAE04EC0-301F-11D3-BF4B-00C04F79EFBC}") = "Razor2", "Razor2\Razor2.csproj", "{F922B100-A2BE-4A53-8B10-5E106DE84EC8}"
EndProject
Global
	GlobalSection(SolutionConfigurationPlatforms) = preSolution
		Debug|Any CPU = Debug|Any CPU
		Release|Any CPU = Release|Any CPU
	EndGlobalSection
	GlobalSection(ProjectConfigurationPlatforms) = postSolution
		{F922B100-A2BE-4A53-8B10-5E106DE84EC8}.Debug|Any CPU.ActiveCfg = Debug|Any CPU
		{F922B100-A2BE-4A53-8B10-5E106DE84EC8}.Debug|Any CPU.Build.0 = Debug|Any CPU
		{F922B100-A2BE-4A53-8B10-5E106DE84EC8}.Release|Any CPU.ActiveCfg = Release|Any CPU
		{F922B100-A2BE-4A53-8B10-5E106DE84EC8}.Release|Any CPU.Build.0 = Release|Any CPU
	EndGlobalSection
	GlobalSection(SolutionProperties) = preSolution
		HideSolutionNode = FALSE
	EndGlobalSection
	GlobalSection(ExtensibilityGlobals) = postSolution
		SolutionGuid = {6632A2E4-7AF6-476F-9248-64BAAA5771B9}
	EndGlobalSection
EndGlobal
